
Microsoft Visual Studio Solution File, Format Version 12.00
# Visual Studio Version 16
VisualStudioVersion = 16.0.33529.622
MinimumVisualStudioVersion = 10.0.40219.1
Project("{FAE04EC0-301F-11D3-BF4B-00C04F79EFBC}") = "MiniProject", "MiniProject\MiniProject.csproj", "{202E9F23-F0D6-4A31-B958-C6187A41A445}"
EndProject
Global
	GlobalSection(SolutionConfigurationPlatforms) = preSolution
		Debug|Any CPU = Debug|Any CPU
		Release|Any CPU = Release|Any CPU
	EndGlobalSection
	GlobalSection(ProjectConfigurationPlatforms) = postSolution
		{202E9F23-F0D6-4A31-B958-C6187A41A445}.Debug|Any CPU.ActiveCfg = Debug|Any CPU
		{202E9F23-F0D6-4A31-B958-C6187A41A445}.Debug|Any CPU.Build.0 = Debug|Any CPU
		{202E9F23-F0D6-4A31-B958-C6187A41A445}.Release|Any CPU.ActiveCfg = Release|Any CPU
		{202E9F23-F0D6-4A31-B958-C6187A41A445}.Release|Any CPU.Build.0 = Release|Any CPU
	EndGlobalSection
	GlobalSection(SolutionProperties) = preSolution
		HideSolutionNode = FALSE
	EndGlobalSection
	GlobalSection(ExtensibilityGlobals) = postSolution
		SolutionGuid = {96BF9EB8-47CD-4871-8CEF-B2EE0E907B11}
	EndGlobalSection
EndGlobal
