
Microsoft Visual Studio Solution File, Format Version 12.00
# Visual Studio Version 16
VisualStudioVersion = 16.0.33529.622
MinimumVisualStudioVersion = 10.0.40219.1
Project("{FAE04EC0-301F-11D3-BF4B-00C04F79EFBC}") = "dotNet", "dotNet\dotNet.csproj", "{8954D97B-ABD9-4269-B164-5D3D3C1579DC}"
EndProject
Global
	GlobalSection(SolutionConfigurationPlatforms) = preSolution
		Debug|Any CPU = Debug|Any CPU
		Release|Any CPU = Release|Any CPU
	EndGlobalSection
	GlobalSection(ProjectConfigurationPlatforms) = postSolution
		{8954D97B-ABD9-4269-B164-5D3D3C1579DC}.Debug|Any CPU.ActiveCfg = Debug|Any CPU
		{8954D97B-ABD9-4269-B164-5D3D3C1579DC}.Debug|Any CPU.Build.0 = Debug|Any CPU
		{8954D97B-ABD9-4269-B164-5D3D3C1579DC}.Release|Any CPU.ActiveCfg = Release|Any CPU
		{8954D97B-ABD9-4269-B164-5D3D3C1579DC}.Release|Any CPU.Build.0 = Release|Any CPU
	EndGlobalSection
	GlobalSection(SolutionProperties) = preSolution
		HideSolutionNode = FALSE
	EndGlobalSection
	GlobalSection(ExtensibilityGlobals) = postSolution
		SolutionGuid = {B2784CF9-6E1B-4413-A8B9-0508B4BFF2D7}
	EndGlobalSection
EndGlobal
